
Microsoft Visual Studio Solution File, Format Version 11.00
# Visual Studio 2010
Project("{FAE04EC0-301F-11D3-BF4B-00C04F79EFBC}") = "ViewWPF", "ViewWPF\ViewWPF.csproj", "{6A16E7DD-4B5F-4785-8DB1-F7B4FBE40124}"
EndProject
Project("{FAE04EC0-301F-11D3-BF4B-00C04F79EFBC}") = "ViewASP", "ViewASP\ViewASP.csproj", "{579A5B1C-D0CA-4C67-B0A8-ADEB6CC2C7F1}"
EndProject
Project("{FAE04EC0-301F-11D3-BF4B-00C04F79EFBC}") = "WebserviceWCF", "WebserviceWCF\WebserviceWCF.csproj", "{BDAEFDE4-10F7-4B2B-9DC4-789355FA9735}"
EndProject
Project("{C8D11400-126E-41CD-887F-60BD40844F9E}") = "Database", "Database\Database.dbproj", "{67CBC824-A49E-4E9B-A947-360F3DFE65C3}"
EndProject
Project("{FAE04EC0-301F-11D3-BF4B-00C04F79EFBC}") = "ClassLibrary", "ClassLibrary\ClassLibrary.csproj", "{07F3A7DE-6717-4F9A-971B-DF41FA8996ED}"
EndProject
Project("{FAE04EC0-301F-11D3-BF4B-00C04F79EFBC}") = "FunctionLibrary", "FunctionLibrary\FunctionLibrary.csproj", "{29BF42AA-377B-4339-A106-EDFAF531458A}"
EndProject
Global
	GlobalSection(SolutionConfigurationPlatforms) = preSolution
		Debug|Any CPU = Debug|Any CPU
		Debug|Mixed Platforms = Debug|Mixed Platforms
		Debug|x86 = Debug|x86
		Release|Any CPU = Release|Any CPU
		Release|Mixed Platforms = Release|Mixed Platforms
		Release|x86 = Release|x86
	EndGlobalSection
	GlobalSection(ProjectConfigurationPlatforms) = postSolution
		{6A16E7DD-4B5F-4785-8DB1-F7B4FBE40124}.Debug|Any CPU.ActiveCfg = Debug|x86
		{6A16E7DD-4B5F-4785-8DB1-F7B4FBE40124}.Debug|Mixed Platforms.ActiveCfg = Debug|x86
		{6A16E7DD-4B5F-4785-8DB1-F7B4FBE40124}.Debug|Mixed Platforms.Build.0 = Debug|x86
		{6A16E7DD-4B5F-4785-8DB1-F7B4FBE40124}.Debug|x86.ActiveCfg = Debug|x86
		{6A16E7DD-4B5F-4785-8DB1-F7B4FBE40124}.Debug|x86.Build.0 = Debug|x86
		{6A16E7DD-4B5F-4785-8DB1-F7B4FBE40124}.Release|Any CPU.ActiveCfg = Release|x86
		{6A16E7DD-4B5F-4785-8DB1-F7B4FBE40124}.Release|Mixed Platforms.ActiveCfg = Release|x86
		{6A16E7DD-4B5F-4785-8DB1-F7B4FBE40124}.Release|Mixed Platforms.Build.0 = Release|x86
		{6A16E7DD-4B5F-4785-8DB1-F7B4FBE40124}.Release|x86.ActiveCfg = Release|x86
		{6A16E7DD-4B5F-4785-8DB1-F7B4FBE40124}.Release|x86.Build.0 = Release|x86
		{579A5B1C-D0CA-4C67-B0A8-ADEB6CC2C7F1}.Debug|Any CPU.ActiveCfg = Debug|Any CPU
		{579A5B1C-D0CA-4C67-B0A8-ADEB6CC2C7F1}.Debug|Any CPU.Build.0 = Debug|Any CPU
		{579A5B1C-D0CA-4C67-B0A8-ADEB6CC2C7F1}.Debug|Mixed Platforms.ActiveCfg = Debug|Any CPU
		{579A5B1C-D0CA-4C67-B0A8-ADEB6CC2C7F1}.Debug|Mixed Platforms.Build.0 = Debug|Any CPU
		{579A5B1C-D0CA-4C67-B0A8-ADEB6CC2C7F1}.Debug|x86.ActiveCfg = Debug|Any CPU
		{579A5B1C-D0CA-4C67-B0A8-ADEB6CC2C7F1}.Release|Any CPU.ActiveCfg = Release|Any CPU
		{579A5B1C-D0CA-4C67-B0A8-ADEB6CC2C7F1}.Release|Any CPU.Build.0 = Release|Any CPU
		{579A5B1C-D0CA-4C67-B0A8-ADEB6CC2C7F1}.Release|Mixed Platforms.ActiveCfg = Release|Any CPU
		{579A5B1C-D0CA-4C67-B0A8-ADEB6CC2C7F1}.Release|Mixed Platforms.Build.0 = Release|Any CPU
		{579A5B1C-D0CA-4C67-B0A8-ADEB6CC2C7F1}.Release|x86.ActiveCfg = Release|Any CPU
		{BDAEFDE4-10F7-4B2B-9DC4-789355FA9735}.Debug|Any CPU.ActiveCfg = Debug|Any CPU
		{BDAEFDE4-10F7-4B2B-9DC4-789355FA9735}.Debug|Any CPU.Build.0 = Debug|Any CPU
		{BDAEFDE4-10F7-4B2B-9DC4-789355FA9735}.Debug|Mixed Platforms.ActiveCfg = Debug|Any CPU
		{BDAEFDE4-10F7-4B2B-9DC4-789355FA9735}.Debug|Mixed Platforms.Build.0 = Debug|Any CPU
		{BDAEFDE4-10F7-4B2B-9DC4-789355FA9735}.Debug|x86.ActiveCfg = Debug|Any CPU
		{BDAEFDE4-10F7-4B2B-9DC4-789355FA9735}.Release|Any CPU.ActiveCfg = Release|Any CPU
		{BDAEFDE4-10F7-4B2B-9DC4-789355FA9735}.Release|Any CPU.Build.0 = Release|Any CPU
		{BDAEFDE4-10F7-4B2B-9DC4-789355FA9735}.Release|Mixed Platforms.ActiveCfg = Release|Any CPU
		{BDAEFDE4-10F7-4B2B-9DC4-789355FA9735}.Release|Mixed Platforms.Build.0 = Release|Any CPU
		{BDAEFDE4-10F7-4B2B-9DC4-789355FA9735}.Release|x86.ActiveCfg = Release|Any CPU
		{67CBC824-A49E-4E9B-A947-360F3DFE65C3}.Debug|Any CPU.ActiveCfg = Debug|Any CPU
		{67CBC824-A49E-4E9B-A947-360F3DFE65C3}.Debug|Any CPU.Build.0 = Debug|Any CPU
		{67CBC824-A49E-4E9B-A947-360F3DFE65C3}.Debug|Any CPU.Deploy.0 = Debug|Any CPU
		{67CBC824-A49E-4E9B-A947-360F3DFE65C3}.Debug|Mixed Platforms.ActiveCfg = Debug|Any CPU
		{67CBC824-A49E-4E9B-A947-360F3DFE65C3}.Debug|Mixed Platforms.Build.0 = Debug|Any CPU
		{67CBC824-A49E-4E9B-A947-360F3DFE65C3}.Debug|Mixed Platforms.Deploy.0 = Debug|Any CPU
		{67CBC824-A49E-4E9B-A947-360F3DFE65C3}.Debug|x86.ActiveCfg = Debug|Any CPU
		{67CBC824-A49E-4E9B-A947-360F3DFE65C3}.Release|Any CPU.ActiveCfg = Release|Any CPU
		{67CBC824-A49E-4E9B-A947-360F3DFE65C3}.Release|Any CPU.Build.0 = Release|Any CPU
		{67CBC824-A49E-4E9B-A947-360F3DFE65C3}.Release|Any CPU.Deploy.0 = Release|Any CPU
		{67CBC824-A49E-4E9B-A947-360F3DFE65C3}.Release|Mixed Platforms.ActiveCfg = Release|Any CPU
		{67CBC824-A49E-4E9B-A947-360F3DFE65C3}.Release|Mixed Platforms.Build.0 = Release|Any CPU
		{67CBC824-A49E-4E9B-A947-360F3DFE65C3}.Release|Mixed Platforms.Deploy.0 = Release|Any CPU
		{67CBC824-A49E-4E9B-A947-360F3DFE65C3}.Release|x86.ActiveCfg = Release|Any CPU
		{07F3A7DE-6717-4F9A-971B-DF41FA8996ED}.Debug|Any CPU.ActiveCfg = Debug|Any CPU
		{07F3A7DE-6717-4F9A-971B-DF41FA8996ED}.Debug|Any CPU.Build.0 = Debug|Any CPU
		{07F3A7DE-6717-4F9A-971B-DF41FA8996ED}.Debug|Mixed Platforms.ActiveCfg = Debug|Any CPU
		{07F3A7DE-6717-4F9A-971B-DF41FA8996ED}.Debug|Mixed Platforms.Build.0 = Debug|Any CPU
		{07F3A7DE-6717-4F9A-971B-DF41FA8996ED}.Debug|x86.ActiveCfg = Debug|Any CPU
		{07F3A7DE-6717-4F9A-971B-DF41FA8996ED}.Release|Any CPU.ActiveCfg = Release|Any CPU
		{07F3A7DE-6717-4F9A-971B-DF41FA8996ED}.Release|Any CPU.Build.0 = Release|Any CPU
		{07F3A7DE-6717-4F9A-971B-DF41FA8996ED}.Release|Mixed Platforms.ActiveCfg = Release|Any CPU
		{07F3A7DE-6717-4F9A-971B-DF41FA8996ED}.Release|Mixed Platforms.Build.0 = Release|Any CPU
		{07F3A7DE-6717-4F9A-971B-DF41FA8996ED}.Release|x86.ActiveCfg = Release|Any CPU
		{29BF42AA-377B-4339-A106-EDFAF531458A}.Debug|Any CPU.ActiveCfg = Debug|Any CPU
		{29BF42AA-377B-4339-A106-EDFAF531458A}.Debug|Any CPU.Build.0 = Debug|Any CPU
		{29BF42AA-377B-4339-A106-EDFAF531458A}.Debug|Mixed Platforms.ActiveCfg = Debug|Any CPU
		{29BF42AA-377B-4339-A106-EDFAF531458A}.Debug|Mixed Platforms.Build.0 = Debug|Any CPU
		{29BF42AA-377B-4339-A106-EDFAF531458A}.Debug|x86.ActiveCfg = Debug|Any CPU
		{29BF42AA-377B-4339-A106-EDFAF531458A}.Release|Any CPU.ActiveCfg = Release|Any CPU
		{29BF42AA-377B-4339-A106-EDFAF531458A}.Release|Any CPU.Build.0 = Release|Any CPU
		{29BF42AA-377B-4339-A106-EDFAF531458A}.Release|Mixed Platforms.ActiveCfg = Release|Any CPU
		{29BF42AA-377B-4339-A106-EDFAF531458A}.Release|Mixed Platforms.Build.0 = Release|Any CPU
		{29BF42AA-377B-4339-A106-EDFAF531458A}.Release|x86.ActiveCfg = Release|Any CPU
	EndGlobalSection
	GlobalSection(SolutionProperties) = preSolution
		HideSolutionNode = FALSE
	EndGlobalSection
EndGlobal
